
Microsoft Visual Studio Solution File, Format Version 12.00
# Visual Studio Version 17
VisualStudioVersion = 17.7.34031.279
MinimumVisualStudioVersion = 10.0.40219.1
Project("{FAE04EC0-301F-11D3-BF4B-00C04F79EFBC}") = "TODORA", "TODORA\TODORA.csproj", "{C0E037D7-DF27-414F-8310-DDA2AD7E7573}"
EndProject
Global
	GlobalSection(SolutionConfigurationPlatforms) = preSolution
		Debug|Any CPU = Debug|Any CPU
		Release|Any CPU = Release|Any CPU
	EndGlobalSection
	GlobalSection(ProjectConfigurationPlatforms) = postSolution
		{C0E037D7-DF27-414F-8310-DDA2AD7E7573}.Debug|Any CPU.ActiveCfg = Debug|Any CPU
		{C0E037D7-DF27-414F-8310-DDA2AD7E7573}.Debug|Any CPU.Build.0 = Debug|Any CPU
		{C0E037D7-DF27-414F-8310-DDA2AD7E7573}.Release|Any CPU.ActiveCfg = Release|Any CPU
		{C0E037D7-DF27-414F-8310-DDA2AD7E7573}.Release|Any CPU.Build.0 = Release|Any CPU
	EndGlobalSection
	GlobalSection(SolutionProperties) = preSolution
		HideSolutionNode = FALSE
	EndGlobalSection
	GlobalSection(ExtensibilityGlobals) = postSolution
		SolutionGuid = {E18EA908-5C26-446D-A334-0CB87759D304}
	EndGlobalSection
EndGlobal
